
Microsoft Visual Studio Solution File, Format Version 12.00
# Visual Studio Version 17
VisualStudioVersion = 17.5.002.0
MinimumVisualStudioVersion = 10.0.40219.1
Project("{9A19103F-16F7-4668-BE54-9A1E7A4F7556}") = "MyAspNetApp", "MyAspNetApp\MyAspNetApp.csproj", "{0CE1DB6B-0752-4AB8-9FE0-BDB164C66D3C}"
EndProject
Global
	GlobalSection(SolutionConfigurationPlatforms) = preSolution
		Debug|Any CPU = Debug|Any CPU
		Release|Any CPU = Release|Any CPU
	EndGlobalSection
	GlobalSection(ProjectConfigurationPlatforms) = postSolution
		{0CE1DB6B-0752-4AB8-9FE0-BDB164C66D3C}.Debug|Any CPU.ActiveCfg = Debug|Any CPU
		{0CE1DB6B-0752-4AB8-9FE0-BDB164C66D3C}.Debug|Any CPU.Build.0 = Debug|Any CPU
		{0CE1DB6B-0752-4AB8-9FE0-BDB164C66D3C}.Release|Any CPU.ActiveCfg = Release|Any CPU
		{0CE1DB6B-0752-4AB8-9FE0-BDB164C66D3C}.Release|Any CPU.Build.0 = Release|Any CPU
	EndGlobalSection
	GlobalSection(SolutionProperties) = preSolution
		HideSolutionNode = FALSE
	EndGlobalSection
	GlobalSection(ExtensibilityGlobals) = postSolution
		SolutionGuid = {C12C20C8-4CC6-4646-9C58-C8B85314654D}
	EndGlobalSection
EndGlobal
